
Microsoft Visual Studio Solution File, Format Version 12.00
# Visual Studio 15
VisualStudioVersion = 15.0.28010.2016
MinimumVisualStudioVersion = 10.0.40219.1
Project("{FAE04EC0-301F-11D3-BF4B-00C04F79EFBC}") = "Autoluokka", "Autoluokka\Autoluokka.csproj", "{60A89913-B98F-4116-B876-7B4B5F9FFECD}"
EndProject
Global
	GlobalSection(SolutionConfigurationPlatforms) = preSolution
		Debug|Any CPU = Debug|Any CPU
		Release|Any CPU = Release|Any CPU
	EndGlobalSection
	GlobalSection(ProjectConfigurationPlatforms) = postSolution
		{60A89913-B98F-4116-B876-7B4B5F9FFECD}.Debug|Any CPU.ActiveCfg = Debug|Any CPU
		{60A89913-B98F-4116-B876-7B4B5F9FFECD}.Debug|Any CPU.Build.0 = Debug|Any CPU
		{60A89913-B98F-4116-B876-7B4B5F9FFECD}.Release|Any CPU.ActiveCfg = Release|Any CPU
		{60A89913-B98F-4116-B876-7B4B5F9FFECD}.Release|Any CPU.Build.0 = Release|Any CPU
	EndGlobalSection
	GlobalSection(SolutionProperties) = preSolution
		HideSolutionNode = FALSE
	EndGlobalSection
	GlobalSection(ExtensibilityGlobals) = postSolution
		SolutionGuid = {6DC4F2E4-68E4-4551-986E-53F2C51D1ACC}
	EndGlobalSection
EndGlobal
